
Microsoft Visual Studio Solution File, Format Version 12.00
# Visual Studio 15
Project("{FAE04EC0-301F-11D3-BF4B-00C04F79EFBC}") = "Assembly-CSharp", "Assembly-CSharp.csproj", "{F356655F-94F1-B6CC-6EDE-67670EEF7315}"
EndProject
Global
	GlobalSection(SolutionConfigurationPlatforms) = preSolution
		Debug|Any CPU = Debug|Any CPU
		Release|Any CPU = Release|Any CPU
	EndGlobalSection
	GlobalSection(ProjectConfigurationPlatforms) = postSolution
		{F356655F-94F1-B6CC-6EDE-67670EEF7315}.Debug|Any CPU.ActiveCfg = Debug|Any CPU
		{F356655F-94F1-B6CC-6EDE-67670EEF7315}.Debug|Any CPU.Build.0 = Debug|Any CPU
		{F356655F-94F1-B6CC-6EDE-67670EEF7315}.Release|Any CPU.ActiveCfg = Release|Any CPU
		{F356655F-94F1-B6CC-6EDE-67670EEF7315}.Release|Any CPU.Build.0 = Release|Any CPU
	EndGlobalSection
	GlobalSection(SolutionProperties) = preSolution
		HideSolutionNode = FALSE
	EndGlobalSection
EndGlobal
